
Microsoft Visual Studio Solution File, Format Version 12.00
# Visual Studio 14
VisualStudioVersion = 14.0.24720.0
MinimumVisualStudioVersion = 10.0.40219.1
Project("{FAE04EC0-301F-11D3-BF4B-00C04F79EFBC}") = "SAMSCommon", "SAMSCommon\SAMSCommon.csproj", "{848C4FC7-6E77-4041-925B-4B874B9E7C4E}"
EndProject
Project("{FAE04EC0-301F-11D3-BF4B-00C04F79EFBC}") = "SAMSDataAccessLayer", "SAMSDataAccessLayer\SAMSDataAccessLayer.csproj", "{26D8191C-6D6A-4457-BD84-41F5DFAAF9C2}"
EndProject
Project("{FAE04EC0-301F-11D3-BF4B-00C04F79EFBC}") = "SAMSDatabaseLayer", "SAMSDatabaseLayer\SAMSDatabaseLayer.csproj", "{DF27A1C1-7BFD-44DF-98FD-D3598947F58E}"
EndProject
Project("{FAE04EC0-301F-11D3-BF4B-00C04F79EFBC}") = "SAMSBusinessLayer", "SAMSBusinessLayer\SAMSBusinessLayer.csproj", "{4CC9CBCE-9BBF-440E-850A-7B51F914792E}"
EndProject
Project("{E24C65DC-7377-472B-9ABA-BC803B73C61A}") = "SAMS", "SAMS", "{18B877C7-24CA-4CCE-A10E-36E35F81894D}"
	ProjectSection(WebsiteProperties) = preProject
		SccProjectName = "SAK"
		SccAuxPath = "SAK"
		SccLocalPath = "SAK"
		SccProvider = "SAK"
		TargetFrameworkMoniker = ".NETFramework,Version%3Dv3.5"
		ProjectReferences = "{4CC9CBCE-9BBF-440E-850A-7B51F914792E}|SAMSBusinessLayer.dll;{848C4FC7-6E77-4041-925B-4B874B9E7C4E}|SAMSCommon.dll;{26D8191C-6D6A-4457-BD84-41F5DFAAF9C2}|SAMSDataAccessLayer.dll;{DF27A1C1-7BFD-44DF-98FD-D3598947F58E}|SAMSDatabaseLayer.dll;"
		Debug.AspNetCompiler.VirtualPath = "/SAMS"
		Debug.AspNetCompiler.PhysicalPath = "SAMS\"
		Debug.AspNetCompiler.TargetPath = "PrecompiledWeb\SAMS\"
		Debug.AspNetCompiler.Updateable = "true"
		Debug.AspNetCompiler.ForceOverwrite = "true"
		Debug.AspNetCompiler.FixedNames = "false"
		Debug.AspNetCompiler.Debug = "True"
		Release.AspNetCompiler.VirtualPath = "/SAMS"
		Release.AspNetCompiler.PhysicalPath = "SAMS\"
		Release.AspNetCompiler.TargetPath = "PrecompiledWeb\SAMS\"
		Release.AspNetCompiler.Updateable = "true"
		Release.AspNetCompiler.ForceOverwrite = "true"
		Release.AspNetCompiler.FixedNames = "false"
		Release.AspNetCompiler.Debug = "False"
		VWDPort = "55608"
		SlnRelativePath = "SAMS\"
	EndProjectSection
EndProject
Global
	GlobalSection(SolutionConfigurationPlatforms) = preSolution
		Debug|Any CPU = Debug|Any CPU
		Release|Any CPU = Release|Any CPU
	EndGlobalSection
	GlobalSection(ProjectConfigurationPlatforms) = postSolution
		{848C4FC7-6E77-4041-925B-4B874B9E7C4E}.Debug|Any CPU.ActiveCfg = Debug|Any CPU
		{848C4FC7-6E77-4041-925B-4B874B9E7C4E}.Debug|Any CPU.Build.0 = Debug|Any CPU
		{848C4FC7-6E77-4041-925B-4B874B9E7C4E}.Release|Any CPU.ActiveCfg = Release|Any CPU
		{848C4FC7-6E77-4041-925B-4B874B9E7C4E}.Release|Any CPU.Build.0 = Release|Any CPU
		{26D8191C-6D6A-4457-BD84-41F5DFAAF9C2}.Debug|Any CPU.ActiveCfg = Debug|Any CPU
		{26D8191C-6D6A-4457-BD84-41F5DFAAF9C2}.Debug|Any CPU.Build.0 = Debug|Any CPU
		{26D8191C-6D6A-4457-BD84-41F5DFAAF9C2}.Release|Any CPU.ActiveCfg = Release|Any CPU
		{26D8191C-6D6A-4457-BD84-41F5DFAAF9C2}.Release|Any CPU.Build.0 = Release|Any CPU
		{DF27A1C1-7BFD-44DF-98FD-D3598947F58E}.Debug|Any CPU.ActiveCfg = Debug|Any CPU
		{DF27A1C1-7BFD-44DF-98FD-D3598947F58E}.Debug|Any CPU.Build.0 = Debug|Any CPU
		{DF27A1C1-7BFD-44DF-98FD-D3598947F58E}.Release|Any CPU.ActiveCfg = Release|Any CPU
		{DF27A1C1-7BFD-44DF-98FD-D3598947F58E}.Release|Any CPU.Build.0 = Release|Any CPU
		{4CC9CBCE-9BBF-440E-850A-7B51F914792E}.Debug|Any CPU.ActiveCfg = Debug|Any CPU
		{4CC9CBCE-9BBF-440E-850A-7B51F914792E}.Debug|Any CPU.Build.0 = Debug|Any CPU
		{4CC9CBCE-9BBF-440E-850A-7B51F914792E}.Release|Any CPU.ActiveCfg = Release|Any CPU
		{4CC9CBCE-9BBF-440E-850A-7B51F914792E}.Release|Any CPU.Build.0 = Release|Any CPU
		{18B877C7-24CA-4CCE-A10E-36E35F81894D}.Debug|Any CPU.ActiveCfg = Debug|Any CPU
		{18B877C7-24CA-4CCE-A10E-36E35F81894D}.Debug|Any CPU.Build.0 = Debug|Any CPU
		{18B877C7-24CA-4CCE-A10E-36E35F81894D}.Release|Any CPU.ActiveCfg = Debug|Any CPU
		{18B877C7-24CA-4CCE-A10E-36E35F81894D}.Release|Any CPU.Build.0 = Debug|Any CPU
	EndGlobalSection
	GlobalSection(SolutionProperties) = preSolution
		HideSolutionNode = FALSE
	EndGlobalSection
	GlobalSection(ExtensibilityGlobals) = postSolution
		VisualSVNWorkingCopyRoot = .
	EndGlobalSection
	GlobalSection(TeamFoundationVersionControl) = preSolution
		SccNumberOfProjects = 5
		SccEnterpriseProvider = {4CA58AB2-18FA-4F8D-95D4-32DDF27D184C}
		SccTeamFoundationServer = https://fastservices.visualstudio.com/defaultcollection
		SccProjectUniqueName0 = SAMSCommon\\SAMSCommon.csproj
		SccProjectName0 = SAMSCommon
		SccAuxPath0 = https://fastservices.visualstudio.com/defaultcollection
		SccLocalPath0 = SAMSCommon
		SccProvider0 = {4CA58AB2-18FA-4F8D-95D4-32DDF27D184C}
		SccProjectUniqueName1 = SAMSDataAccessLayer\\SAMSDataAccessLayer.csproj
		SccProjectName1 = SAMSDataAccessLayer
		SccAuxPath1 = https://fastservices.visualstudio.com/defaultcollection
		SccLocalPath1 = SAMSDataAccessLayer
		SccProvider1 = {4CA58AB2-18FA-4F8D-95D4-32DDF27D184C}
		SccProjectUniqueName2 = SAMSDatabaseLayer\\SAMSDatabaseLayer.csproj
		SccProjectName2 = SAMSDatabaseLayer
		SccAuxPath2 = https://fastservices.visualstudio.com/defaultcollection
		SccLocalPath2 = SAMSDatabaseLayer
		SccProvider2 = {4CA58AB2-18FA-4F8D-95D4-32DDF27D184C}
		SccProjectUniqueName3 = SAMSBusinessLayer\\SAMSBusinessLayer.csproj
		SccProjectName3 = SAMSBusinessLayer
		SccAuxPath3 = https://fastservices.visualstudio.com/defaultcollection
		SccLocalPath3 = SAMSBusinessLayer
		SccProvider3 = {4CA58AB2-18FA-4F8D-95D4-32DDF27D184C}
		SccWebProject4 = true
		SccProjectUniqueName4 = SAMS
		SccProjectName4 = SAMS
		SccAuxPath4 = https://fastservices.visualstudio.com/defaultcollection
		SccLocalPath4 = SAMS
		SccProvider4 = {4CA58AB2-18FA-4F8D-95D4-32DDF27D184C}
		SccProjectEnlistmentChoice4 = 2
	EndGlobalSection
EndGlobal
